// !$*UTF8*$!
{
	archiveVersion = 1;
	classes = {
	};
	objectVersion = 55;
	objects = {

/* Begin PBXBuildFile section */
		3A20B2AA27C453310053917C /* SignUpViewController.swift in Sources */ = {isa = PBXBuildFile; fileRef = 3A20B2A927C453310053917C /* SignUpViewController.swift */; };
		3A20B2AD27C5951D0053917C /* User.swift in Sources */ = {isa = PBXBuildFile; fileRef = 3A20B2AC27C5951D0053917C /* User.swift */; };
		3A20B2AF27C69AB80053917C /* SuccessViewController.swift in Sources */ = {isa = PBXBuildFile; fileRef = 3A20B2AE27C69AB80053917C /* SuccessViewController.swift */; };
		3A20B2B127C6AC770053917C /* SearchViewController.swift in Sources */ = {isa = PBXBuildFile; fileRef = 3A20B2B027C6AC770053917C /* SearchViewController.swift */; };
		3A20B2B327C6BDD50053917C /* EventsViewController.swift in Sources */ = {isa = PBXBuildFile; fileRef = 3A20B2B227C6BDD50053917C /* EventsViewController.swift */; };
		3A20B2B527C6E19C0053917C /* ProfileViewController.swift in Sources */ = {isa = PBXBuildFile; fileRef = 3A20B2B427C6E19C0053917C /* ProfileViewController.swift */; };
		3A20B2B727C7FA130053917C /* HomeViewController.swift in Sources */ = {isa = PBXBuildFile; fileRef = 3A20B2B627C7FA130053917C /* HomeViewController.swift */; };
		3A20B2B927C80F0D0053917C /* CustomCollectionViewCell.swift in Sources */ = {isa = PBXBuildFile; fileRef = 3A20B2B827C80F0D0053917C /* CustomCollectionViewCell.swift */; };
		3A20B2BC27C82C0C0053917C /* CustomTableViewCell.swift in Sources */ = {isa = PBXBuildFile; fileRef = 3A20B2BB27C82C0C0053917C /* CustomTableViewCell.swift */; };
		3A38D92327CED0A1003D7AD2 /* CreateEventViewController.swift in Sources */ = {isa = PBXBuildFile; fileRef = 3A38D92227CED0A1003D7AD2 /* CreateEventViewController.swift */; };
		3A9C2A3927C9512D0015EAC2 /* Event.swift in Sources */ = {isa = PBXBuildFile; fileRef = 3A9C2A3827C9512D0015EAC2 /* Event.swift */; };
		3A9C2A3B27C970360015EAC2 /* DetailsViewController.swift in Sources */ = {isa = PBXBuildFile; fileRef = 3A9C2A3A27C970360015EAC2 /* DetailsViewController.swift */; };
		3A9C2A3D27C98E0D0015EAC2 /* LandingViewController.swift in Sources */ = {isa = PBXBuildFile; fileRef = 3A9C2A3C27C98E0D0015EAC2 /* LandingViewController.swift */; };
		3A9C2A3F27CA9EAE0015EAC2 /* EventAnnotation.swift in Sources */ = {isa = PBXBuildFile; fileRef = 3A9C2A3E27CA9EAE0015EAC2 /* EventAnnotation.swift */; };
		3A9C2A4127CAD0CA0015EAC2 /* CurrentLocation.swift in Sources */ = {isa = PBXBuildFile; fileRef = 3A9C2A4027CAD0CA0015EAC2 /* CurrentLocation.swift */; };
		3A9C2A5927CAEFE00015EAC2 /* CurrentUser.swift in Sources */ = {isa = PBXBuildFile; fileRef = 3A9C2A5827CAEFE00015EAC2 /* CurrentUser.swift */; };
		3A9C2A5B27CC15990015EAC2 /* CVTableViewCell.swift in Sources */ = {isa = PBXBuildFile; fileRef = 3A9C2A5A27CC15990015EAC2 /* CVTableViewCell.swift */; };
		3A9C2A8027CC51E70015EAC2 /* FirebaseAuth in Frameworks */ = {isa = PBXBuildFile; productRef = 3A9C2A7F27CC51E70015EAC2 /* FirebaseAuth */; };
		3A9C2A8227CC51E70015EAC2 /* FirebaseAuthCombine-Community in Frameworks */ = {isa = PBXBuildFile; productRef = 3A9C2A8127CC51E70015EAC2 /* FirebaseAuthCombine-Community */; };
		3A9C2A8427CC51E70015EAC2 /* FirebaseFirestore in Frameworks */ = {isa = PBXBuildFile; productRef = 3A9C2A8327CC51E70015EAC2 /* FirebaseFirestore */; };
		3A9C2A8627CC51E70015EAC2 /* FirebaseFirestoreCombine-Community in Frameworks */ = {isa = PBXBuildFile; productRef = 3A9C2A8527CC51E70015EAC2 /* FirebaseFirestoreCombine-Community */; };
		3A9C2A8827CC51E70015EAC2 /* FirebaseFirestoreSwift-Beta in Frameworks */ = {isa = PBXBuildFile; productRef = 3A9C2A8727CC51E70015EAC2 /* FirebaseFirestoreSwift-Beta */; };
		3A9C2A8A27CC51E70015EAC2 /* FirebaseStorage in Frameworks */ = {isa = PBXBuildFile; productRef = 3A9C2A8927CC51E70015EAC2 /* FirebaseStorage */; };
		3A9C2A8C27CC51E70015EAC2 /* FirebaseStorageCombine-Community in Frameworks */ = {isa = PBXBuildFile; productRef = 3A9C2A8B27CC51E70015EAC2 /* FirebaseStorageCombine-Community */; };
		3A9C2A8E27CC51E70015EAC2 /* FirebaseStorageSwift-Beta in Frameworks */ = {isa = PBXBuildFile; productRef = 3A9C2A8D27CC51E70015EAC2 /* FirebaseStorageSwift-Beta */; };
		3A9C2A9027CC8C340015EAC2 /* ProfileTableViewController.swift in Sources */ = {isa = PBXBuildFile; fileRef = 3A9C2A8F27CC8C340015EAC2 /* ProfileTableViewController.swift */; };
		3A9C2A9227CD0BD60015EAC2 /* UpdateInformationViewController.swift in Sources */ = {isa = PBXBuildFile; fileRef = 3A9C2A9127CD0BD60015EAC2 /* UpdateInformationViewController.swift */; };
		3A9C2A9527CD23210015EAC2 /* CustomViews.swift in Sources */ = {isa = PBXBuildFile; fileRef = 3A9C2A9427CD23210015EAC2 /* CustomViews.swift */; };
		3A9C2A9727CD2BD00015EAC2 /* UpdatePasswordViewController.swift in Sources */ = {isa = PBXBuildFile; fileRef = 3A9C2A9627CD2BD00015EAC2 /* UpdatePasswordViewController.swift */; };
		3A9C2A9927CD6BB20015EAC2 /* FriendsViewController.swift in Sources */ = {isa = PBXBuildFile; fileRef = 3A9C2A9827CD6BB20015EAC2 /* FriendsViewController.swift */; };
		3A9C2A9B27CD80C20015EAC2 /* LinkLabel.swift in Sources */ = {isa = PBXBuildFile; fileRef = 3A9C2A9A27CD80C20015EAC2 /* LinkLabel.swift */; };
		3A9C2A9F27CD89B80015EAC2 /* CustomTableViewHeader.xib in Resources */ = {isa = PBXBuildFile; fileRef = 3A9C2A9E27CD89B80015EAC2 /* CustomTableViewHeader.xib */; };
		3A9C2AA127CD8A960015EAC2 /* CustomTableViewHeader.swift in Sources */ = {isa = PBXBuildFile; fileRef = 3A9C2AA027CD8A960015EAC2 /* CustomTableViewHeader.swift */; };
		3A9C2AA327CE84070015EAC2 /* FirebaseHelper.swift in Sources */ = {isa = PBXBuildFile; fileRef = 3A9C2AA227CE84070015EAC2 /* FirebaseHelper.swift */; };
		3AF15AF727C286650042401F /* AppDelegate.swift in Sources */ = {isa = PBXBuildFile; fileRef = 3AF15AF627C286650042401F /* AppDelegate.swift */; };
		3AF15AF927C286650042401F /* SceneDelegate.swift in Sources */ = {isa = PBXBuildFile; fileRef = 3AF15AF827C286650042401F /* SceneDelegate.swift */; };
		3AF15AFB27C286650042401F /* SignInViewController.swift in Sources */ = {isa = PBXBuildFile; fileRef = 3AF15AFA27C286650042401F /* SignInViewController.swift */; };
		3AF15AFE27C286650042401F /* Main.storyboard in Resources */ = {isa = PBXBuildFile; fileRef = 3AF15AFC27C286650042401F /* Main.storyboard */; };
		3AF15B0127C286650042401F /* WEvent.xcdatamodeld in Sources */ = {isa = PBXBuildFile; fileRef = 3AF15AFF27C286650042401F /* WEvent.xcdatamodeld */; };
		3AF15B0327C286670042401F /* Assets.xcassets in Resources */ = {isa = PBXBuildFile; fileRef = 3AF15B0227C286670042401F /* Assets.xcassets */; };
		3AF15B0627C286670042401F /* LaunchScreen.storyboard in Resources */ = {isa = PBXBuildFile; fileRef = 3AF15B0427C286670042401F /* LaunchScreen.storyboard */; };
		3AF15B0E27C2E5020042401F /* GoogleService-Info.plist in Resources */ = {isa = PBXBuildFile; fileRef = 3AF15B0D27C2E5020042401F /* GoogleService-Info.plist */; };
/* End PBXBuildFile section */

/* Begin PBXFileReference section */
		3A20B2A927C453310053917C /* SignUpViewController.swift */ = {isa = PBXFileReference; lastKnownFileType = sourcecode.swift; path = SignUpViewController.swift; sourceTree = "<group>"; };
		3A20B2AC27C5951D0053917C /* User.swift */ = {isa = PBXFileReference; lastKnownFileType = sourcecode.swift; path = User.swift; sourceTree = "<group>"; };
		3A20B2AE27C69AB80053917C /* SuccessViewController.swift */ = {isa = PBXFileReference; lastKnownFileType = sourcecode.swift; path = SuccessViewController.swift; sourceTree = "<group>"; };
		3A20B2B027C6AC770053917C /* SearchViewController.swift */ = {isa = PBXFileReference; lastKnownFileType = sourcecode.swift; path = SearchViewController.swift; sourceTree = "<group>"; };
		3A20B2B227C6BDD50053917C /* EventsViewController.swift */ = {isa = PBXFileReference; lastKnownFileType = sourcecode.swift; path = EventsViewController.swift; sourceTree = "<group>"; };
		3A20B2B427C6E19C0053917C /* ProfileViewController.swift */ = {isa = PBXFileReference; lastKnownFileType = sourcecode.swift; path = ProfileViewController.swift; sourceTree = "<group>"; };
		3A20B2B627C7FA130053917C /* HomeViewController.swift */ = {isa = PBXFileReference; lastKnownFileType = sourcecode.swift; path = HomeViewController.swift; sourceTree = "<group>"; };
		3A20B2B827C80F0D0053917C /* CustomCollectionViewCell.swift */ = {isa = PBXFileReference; lastKnownFileType = sourcecode.swift; path = CustomCollectionViewCell.swift; sourceTree = "<group>"; };
		3A20B2BB27C82C0C0053917C /* CustomTableViewCell.swift */ = {isa = PBXFileReference; lastKnownFileType = sourcecode.swift; path = CustomTableViewCell.swift; sourceTree = "<group>"; };
		3A38D92227CED0A1003D7AD2 /* CreateEventViewController.swift */ = {isa = PBXFileReference; lastKnownFileType = sourcecode.swift; path = CreateEventViewController.swift; sourceTree = "<group>"; };
		3A9C2A3827C9512D0015EAC2 /* Event.swift */ = {isa = PBXFileReference; lastKnownFileType = sourcecode.swift; path = Event.swift; sourceTree = "<group>"; };
		3A9C2A3A27C970360015EAC2 /* DetailsViewController.swift */ = {isa = PBXFileReference; lastKnownFileType = sourcecode.swift; path = DetailsViewController.swift; sourceTree = "<group>"; };
		3A9C2A3C27C98E0D0015EAC2 /* LandingViewController.swift */ = {isa = PBXFileReference; lastKnownFileType = sourcecode.swift; path = LandingViewController.swift; sourceTree = "<group>"; };
		3A9C2A3E27CA9EAE0015EAC2 /* EventAnnotation.swift */ = {isa = PBXFileReference; lastKnownFileType = sourcecode.swift; path = EventAnnotation.swift; sourceTree = "<group>"; };
		3A9C2A4027CAD0CA0015EAC2 /* CurrentLocation.swift */ = {isa = PBXFileReference; lastKnownFileType = sourcecode.swift; path = CurrentLocation.swift; sourceTree = "<group>"; };
		3A9C2A5827CAEFE00015EAC2 /* CurrentUser.swift */ = {isa = PBXFileReference; lastKnownFileType = sourcecode.swift; path = CurrentUser.swift; sourceTree = "<group>"; };
		3A9C2A5A27CC15990015EAC2 /* CVTableViewCell.swift */ = {isa = PBXFileReference; lastKnownFileType = sourcecode.swift; path = CVTableViewCell.swift; sourceTree = "<group>"; };
		3A9C2A8F27CC8C340015EAC2 /* ProfileTableViewController.swift */ = {isa = PBXFileReference; lastKnownFileType = sourcecode.swift; path = ProfileTableViewController.swift; sourceTree = "<group>"; };
		3A9C2A9127CD0BD60015EAC2 /* UpdateInformationViewController.swift */ = {isa = PBXFileReference; lastKnownFileType = sourcecode.swift; path = UpdateInformationViewController.swift; sourceTree = "<group>"; };
		3A9C2A9427CD23210015EAC2 /* CustomViews.swift */ = {isa = PBXFileReference; lastKnownFileType = sourcecode.swift; path = CustomViews.swift; sourceTree = "<group>"; };
		3A9C2A9627CD2BD00015EAC2 /* UpdatePasswordViewController.swift */ = {isa = PBXFileReference; lastKnownFileType = sourcecode.swift; path = UpdatePasswordViewController.swift; sourceTree = "<group>"; };
		3A9C2A9827CD6BB20015EAC2 /* FriendsViewController.swift */ = {isa = PBXFileReference; lastKnownFileType = sourcecode.swift; path = FriendsViewController.swift; sourceTree = "<group>"; };
		3A9C2A9A27CD80C20015EAC2 /* LinkLabel.swift */ = {isa = PBXFileReference; lastKnownFileType = sourcecode.swift; path = LinkLabel.swift; sourceTree = "<group>"; };
		3A9C2A9E27CD89B80015EAC2 /* CustomTableViewHeader.xib */ = {isa = PBXFileReference; lastKnownFileType = file.xib; path = CustomTableViewHeader.xib; sourceTree = "<group>"; };
		3A9C2AA027CD8A960015EAC2 /* CustomTableViewHeader.swift */ = {isa = PBXFileReference; lastKnownFileType = sourcecode.swift; path = CustomTableViewHeader.swift; sourceTree = "<group>"; };
		3A9C2AA227CE84070015EAC2 /* FirebaseHelper.swift */ = {isa = PBXFileReference; lastKnownFileType = sourcecode.swift; path = FirebaseHelper.swift; sourceTree = "<group>"; };
		3AF15AF327C286650042401F /* WEvent.app */ = {isa = PBXFileReference; explicitFileType = wrapper.application; includeInIndex = 0; path = WEvent.app; sourceTree = BUILT_PRODUCTS_DIR; };
		3AF15AF627C286650042401F /* AppDelegate.swift */ = {isa = PBXFileReference; lastKnownFileType = sourcecode.swift; path = AppDelegate.swift; sourceTree = "<group>"; };
		3AF15AF827C286650042401F /* SceneDelegate.swift */ = {isa = PBXFileReference; lastKnownFileType = sourcecode.swift; path = SceneDelegate.swift; sourceTree = "<group>"; };
		3AF15AFA27C286650042401F /* SignInViewController.swift */ = {isa = PBXFileReference; lastKnownFileType = sourcecode.swift; path = SignInViewController.swift; sourceTree = "<group>"; };
		3AF15AFD27C286650042401F /* Base */ = {isa = PBXFileReference; lastKnownFileType = file.storyboard; name = Base; path = Base.lproj/Main.storyboard; sourceTree = "<group>"; };
		3AF15B0027C286650042401F /* WEvent.xcdatamodel */ = {isa = PBXFileReference; lastKnownFileType = wrapper.xcdatamodel; path = WEvent.xcdatamodel; sourceTree = "<group>"; };
		3AF15B0227C286670042401F /* Assets.xcassets */ = {isa = PBXFileReference; lastKnownFileType = folder.assetcatalog; path = Assets.xcassets; sourceTree = "<group>"; };
		3AF15B0527C286670042401F /* Base */ = {isa = PBXFileReference; lastKnownFileType = file.storyboard; name = Base; path = Base.lproj/LaunchScreen.storyboard; sourceTree = "<group>"; };
		3AF15B0727C286670042401F /* Info.plist */ = {isa = PBXFileReference; lastKnownFileType = text.plist.xml; path = Info.plist; sourceTree = "<group>"; };
		3AF15B0D27C2E5020042401F /* GoogleService-Info.plist */ = {isa = PBXFileReference; fileEncoding = 4; lastKnownFileType = text.plist.xml; path = "GoogleService-Info.plist"; sourceTree = "<group>"; };
/* End PBXFileReference section */

/* Begin PBXFrameworksBuildPhase section */
		3AF15AF027C286650042401F /* Frameworks */ = {
			isa = PBXFrameworksBuildPhase;
			buildActionMask = 2147483647;
			files = (
				3A9C2A8027CC51E70015EAC2 /* FirebaseAuth in Frameworks */,
				3A9C2A8C27CC51E70015EAC2 /* FirebaseStorageCombine-Community in Frameworks */,
				3A9C2A8627CC51E70015EAC2 /* FirebaseFirestoreCombine-Community in Frameworks */,
				3A9C2A8827CC51E70015EAC2 /* FirebaseFirestoreSwift-Beta in Frameworks */,
				3A9C2A8227CC51E70015EAC2 /* FirebaseAuthCombine-Community in Frameworks */,
				3A9C2A8E27CC51E70015EAC2 /* FirebaseStorageSwift-Beta in Frameworks */,
				3A9C2A8427CC51E70015EAC2 /* FirebaseFirestore in Frameworks */,
				3A9C2A8A27CC51E70015EAC2 /* FirebaseStorage in Frameworks */,
			);
			runOnlyForDeploymentPostprocessing = 0;
		};
/* End PBXFrameworksBuildPhase section */

/* Begin PBXGroup section */
		3A20B2A627C452960053917C /* ViewControllers */ = {
			isa = PBXGroup;
			children = (
				3AF15AFA27C286650042401F /* SignInViewController.swift */,
				3A20B2A927C453310053917C /* SignUpViewController.swift */,
				3A20B2AE27C69AB80053917C /* SuccessViewController.swift */,
				3A20B2B027C6AC770053917C /* SearchViewController.swift */,
				3A20B2B227C6BDD50053917C /* EventsViewController.swift */,
				3A20B2B427C6E19C0053917C /* ProfileViewController.swift */,
				3A20B2B627C7FA130053917C /* HomeViewController.swift */,
				3A9C2A3A27C970360015EAC2 /* DetailsViewController.swift */,
				3A9C2A3C27C98E0D0015EAC2 /* LandingViewController.swift */,
				3A9C2A8F27CC8C340015EAC2 /* ProfileTableViewController.swift */,
				3A9C2A9127CD0BD60015EAC2 /* UpdateInformationViewController.swift */,
				3A9C2A9627CD2BD00015EAC2 /* UpdatePasswordViewController.swift */,
				3A9C2A9827CD6BB20015EAC2 /* FriendsViewController.swift */,
				3A38D92227CED0A1003D7AD2 /* CreateEventViewController.swift */,
			);
			path = ViewControllers;
			sourceTree = "<group>";
		};
		3A20B2AB27C594FD0053917C /* Objects */ = {
			isa = PBXGroup;
			children = (
				3A20B2AC27C5951D0053917C /* User.swift */,
				3A9C2A3827C9512D0015EAC2 /* Event.swift */,
				3A9C2A3E27CA9EAE0015EAC2 /* EventAnnotation.swift */,
				3A9C2A4027CAD0CA0015EAC2 /* CurrentLocation.swift */,
				3A9C2A5827CAEFE00015EAC2 /* CurrentUser.swift */,
			);
			path = Objects;
			sourceTree = "<group>";
		};
		3A20B2BA27C80F270053917C /* CustomCells */ = {
			isa = PBXGroup;
			children = (
				3A20B2B827C80F0D0053917C /* CustomCollectionViewCell.swift */,
				3A20B2BB27C82C0C0053917C /* CustomTableViewCell.swift */,
				3A9C2A5A27CC15990015EAC2 /* CVTableViewCell.swift */,
			);
			path = CustomCells;
			sourceTree = "<group>";
		};
		3A9C2A9327CD22D70015EAC2 /* SubClasses */ = {
			isa = PBXGroup;
			children = (
				3A9C2A9427CD23210015EAC2 /* CustomViews.swift */,
				3A9C2A9A27CD80C20015EAC2 /* LinkLabel.swift */,
				3A9C2AA027CD8A960015EAC2 /* CustomTableViewHeader.swift */,
			);
			path = SubClasses;
			sourceTree = "<group>";
		};
		3A9C2AA427CE97F40015EAC2 /* Helpers */ = {
			isa = PBXGroup;
			children = (
				3A9C2AA227CE84070015EAC2 /* FirebaseHelper.swift */,
			);
			path = Helpers;
			sourceTree = "<group>";
		};
		3AF15AEA27C286650042401F = {
			isa = PBXGroup;
			children = (
				3AF15AF527C286650042401F /* WEvent */,
				3AF15AF427C286650042401F /* Products */,
			);
			sourceTree = "<group>";
		};
		3AF15AF427C286650042401F /* Products */ = {
			isa = PBXGroup;
			children = (
				3AF15AF327C286650042401F /* WEvent.app */,
			);
			name = Products;
			sourceTree = "<group>";
		};
		3AF15AF527C286650042401F /* WEvent */ = {
			isa = PBXGroup;
			children = (
				3AF15AF627C286650042401F /* AppDelegate.swift */,
				3AF15AF827C286650042401F /* SceneDelegate.swift */,
				3A20B2A627C452960053917C /* ViewControllers */,
				3A20B2BA27C80F270053917C /* CustomCells */,
				3A20B2AB27C594FD0053917C /* Objects */,
				3A9C2A9327CD22D70015EAC2 /* SubClasses */,
				3A9C2AA427CE97F40015EAC2 /* Helpers */,
				3AF15AFC27C286650042401F /* Main.storyboard */,
				3A9C2A9E27CD89B80015EAC2 /* CustomTableViewHeader.xib */,
				3AF15B0227C286670042401F /* Assets.xcassets */,
				3AF15B0427C286670042401F /* LaunchScreen.storyboard */,
				3AF15B0727C286670042401F /* Info.plist */,
				3AF15AFF27C286650042401F /* WEvent.xcdatamodeld */,
				3AF15B0D27C2E5020042401F /* GoogleService-Info.plist */,
			);
			path = WEvent;
			sourceTree = "<group>";
		};
/* End PBXGroup section */

/* Begin PBXNativeTarget section */
		3AF15AF227C286650042401F /* WEvent */ = {
			isa = PBXNativeTarget;
			buildConfigurationList = 3AF15B0A27C286670042401F /* Build configuration list for PBXNativeTarget "WEvent" */;
			buildPhases = (
				3AF15AEF27C286650042401F /* Sources */,
				3AF15AF027C286650042401F /* Frameworks */,
				3AF15AF127C286650042401F /* Resources */,
			);
			buildRules = (
			);
			dependencies = (
			);
			name = WEvent;
			packageProductDependencies = (
				3A9C2A7F27CC51E70015EAC2 /* FirebaseAuth */,
				3A9C2A8127CC51E70015EAC2 /* FirebaseAuthCombine-Community */,
				3A9C2A8327CC51E70015EAC2 /* FirebaseFirestore */,
				3A9C2A8527CC51E70015EAC2 /* FirebaseFirestoreCombine-Community */,
				3A9C2A8727CC51E70015EAC2 /* FirebaseFirestoreSwift-Beta */,
				3A9C2A8927CC51E70015EAC2 /* FirebaseStorage */,
				3A9C2A8B27CC51E70015EAC2 /* FirebaseStorageCombine-Community */,
				3A9C2A8D27CC51E70015EAC2 /* FirebaseStorageSwift-Beta */,
			);
			productName = WEvent;
			productReference = 3AF15AF327C286650042401F /* WEvent.app */;
			productType = "com.apple.product-type.application";
		};
/* End PBXNativeTarget section */

/* Begin PBXProject section */
		3AF15AEB27C286650042401F /* Project object */ = {
			isa = PBXProject;
			attributes = {
				BuildIndependentTargetsInParallel = 1;
				LastSwiftUpdateCheck = 1310;
				LastUpgradeCheck = 1310;
				TargetAttributes = {
					3AF15AF227C286650042401F = {
						CreatedOnToolsVersion = 13.1;
					};
				};
			};
			buildConfigurationList = 3AF15AEE27C286650042401F /* Build configuration list for PBXProject "WEvent" */;
			compatibilityVersion = "Xcode 13.0";
			developmentRegion = en;
			hasScannedForEncodings = 0;
			knownRegions = (
				en,
				Base,
			);
			mainGroup = 3AF15AEA27C286650042401F;
			packageReferences = (
				3A9C2A7E27CC51E70015EAC2 /* XCRemoteSwiftPackageReference "firebase-ios-sdk" */,
			);
			productRefGroup = 3AF15AF427C286650042401F /* Products */;
			projectDirPath = "";
			projectRoot = "";
			targets = (
				3AF15AF227C286650042401F /* WEvent */,
			);
		};
/* End PBXProject section */

/* Begin PBXResourcesBuildPhase section */
		3AF15AF127C286650042401F /* Resources */ = {
			isa = PBXResourcesBuildPhase;
			buildActionMask = 2147483647;
			files = (
				3AF15B0627C286670042401F /* LaunchScreen.storyboard in Resources */,
				3AF15B0327C286670042401F /* Assets.xcassets in Resources */,
				3AF15AFE27C286650042401F /* Main.storyboard in Resources */,
				3A9C2A9F27CD89B80015EAC2 /* CustomTableViewHeader.xib in Resources */,
				3AF15B0E27C2E5020042401F /* GoogleService-Info.plist in Resources */,
			);
			runOnlyForDeploymentPostprocessing = 0;
		};
/* End PBXResourcesBuildPhase section */

/* Begin PBXSourcesBuildPhase section */
		3AF15AEF27C286650042401F /* Sources */ = {
			isa = PBXSourcesBuildPhase;
			buildActionMask = 2147483647;
			files = (
				3A9C2AA327CE84070015EAC2 /* FirebaseHelper.swift in Sources */,
				3A38D92327CED0A1003D7AD2 /* CreateEventViewController.swift in Sources */,
				3A9C2A9027CC8C340015EAC2 /* ProfileTableViewController.swift in Sources */,
				3AF15B0127C286650042401F /* WEvent.xcdatamodeld in Sources */,
				3A9C2A9727CD2BD00015EAC2 /* UpdatePasswordViewController.swift in Sources */,
				3A9C2A9227CD0BD60015EAC2 /* UpdateInformationViewController.swift in Sources */,
				3A20B2AF27C69AB80053917C /* SuccessViewController.swift in Sources */,
				3A9C2A9527CD23210015EAC2 /* CustomViews.swift in Sources */,
				3A9C2AA127CD8A960015EAC2 /* CustomTableViewHeader.swift in Sources */,
				3A20B2B527C6E19C0053917C /* ProfileViewController.swift in Sources */,
				3A20B2B127C6AC770053917C /* SearchViewController.swift in Sources */,
				3A9C2A5B27CC15990015EAC2 /* CVTableViewCell.swift in Sources */,
				3A9C2A5927CAEFE00015EAC2 /* CurrentUser.swift in Sources */,
				3A9C2A9B27CD80C20015EAC2 /* LinkLabel.swift in Sources */,
				3AF15AFB27C286650042401F /* SignInViewController.swift in Sources */,
				3A9C2A9927CD6BB20015EAC2 /* FriendsViewController.swift in Sources */,
				3A20B2AD27C5951D0053917C /* User.swift in Sources */,
				3A9C2A3D27C98E0D0015EAC2 /* LandingViewController.swift in Sources */,
				3AF15AF727C286650042401F /* AppDelegate.swift in Sources */,
				3A20B2B927C80F0D0053917C /* CustomCollectionViewCell.swift in Sources */,
				3A20B2B727C7FA130053917C /* HomeViewController.swift in Sources */,
				3A9C2A3F27CA9EAE0015EAC2 /* EventAnnotation.swift in Sources */,
				3AF15AF927C286650042401F /* SceneDelegate.swift in Sources */,
				3A9C2A4127CAD0CA0015EAC2 /* CurrentLocation.swift in Sources */,
				3A20B2AA27C453310053917C /* SignUpViewController.swift in Sources */,
				3A20B2B327C6BDD50053917C /* EventsViewController.swift in Sources */,
				3A9C2A3927C9512D0015EAC2 /* Event.swift in Sources */,
				3A20B2BC27C82C0C0053917C /* CustomTableViewCell.swift in Sources */,
				3A9C2A3B27C970360015EAC2 /* DetailsViewController.swift in Sources */,
			);
			runOnlyForDeploymentPostprocessing = 0;
		};
/* End PBXSourcesBuildPhase section */

/* Begin PBXVariantGroup section */
		3AF15AFC27C286650042401F /* Main.storyboard */ = {
			isa = PBXVariantGroup;
			children = (
				3AF15AFD27C286650042401F /* Base */,
			);
			name = Main.storyboard;
			sourceTree = "<group>";
		};
		3AF15B0427C286670042401F /* LaunchScreen.storyboard */ = {
			isa = PBXVariantGroup;
			children = (
				3AF15B0527C286670042401F /* Base */,
			);
			name = LaunchScreen.storyboard;
			sourceTree = "<group>";
		};
/* End PBXVariantGroup section */

/* Begin XCBuildConfiguration section */
		3AF15B0827C286670042401F /* Debug */ = {
			isa = XCBuildConfiguration;
			buildSettings = {
				ALWAYS_SEARCH_USER_PATHS = NO;
				CLANG_ANALYZER_NONNULL = YES;
				CLANG_ANALYZER_NUMBER_OBJECT_CONVERSION = YES_AGGRESSIVE;
				CLANG_CXX_LANGUAGE_STANDARD = "gnu++17";
				CLANG_CXX_LIBRARY = "libc++";
				CLANG_ENABLE_MODULES = YES;
				CLANG_ENABLE_OBJC_ARC = YES;
				CLANG_ENABLE_OBJC_WEAK = YES;
				CLANG_WARN_BLOCK_CAPTURE_AUTORELEASING = YES;
				CLANG_WARN_BOOL_CONVERSION = YES;
				CLANG_WARN_COMMA = YES;
				CLANG_WARN_CONSTANT_CONVERSION = YES;
				CLANG_WARN_DEPRECATED_OBJC_IMPLEMENTATIONS = YES;
				CLANG_WARN_DIRECT_OBJC_ISA_USAGE = YES_ERROR;
				CLANG_WARN_DOCUMENTATION_COMMENTS = YES;
				CLANG_WARN_EMPTY_BODY = YES;
				CLANG_WARN_ENUM_CONVERSION = YES;
				CLANG_WARN_INFINITE_RECURSION = YES;
				CLANG_WARN_INT_CONVERSION = YES;
				CLANG_WARN_NON_LITERAL_NULL_CONVERSION = YES;
				CLANG_WARN_OBJC_IMPLICIT_RETAIN_SELF = YES;
				CLANG_WARN_OBJC_LITERAL_CONVERSION = YES;
				CLANG_WARN_OBJC_ROOT_CLASS = YES_ERROR;
				CLANG_WARN_QUOTED_INCLUDE_IN_FRAMEWORK_HEADER = YES;
				CLANG_WARN_RANGE_LOOP_ANALYSIS = YES;
				CLANG_WARN_STRICT_PROTOTYPES = YES;
				CLANG_WARN_SUSPICIOUS_MOVE = YES;
				CLANG_WARN_UNGUARDED_AVAILABILITY = YES_AGGRESSIVE;
				CLANG_WARN_UNREACHABLE_CODE = YES;
				CLANG_WARN__DUPLICATE_METHOD_MATCH = YES;
				COPY_PHASE_STRIP = NO;
				DEBUG_INFORMATION_FORMAT = dwarf;
				ENABLE_STRICT_OBJC_MSGSEND = YES;
				ENABLE_TESTABILITY = YES;
				GCC_C_LANGUAGE_STANDARD = gnu11;
				GCC_DYNAMIC_NO_PIC = NO;
				GCC_NO_COMMON_BLOCKS = YES;
				GCC_OPTIMIZATION_LEVEL = 0;
				GCC_PREPROCESSOR_DEFINITIONS = (
					"DEBUG=1",
					"$(inherited)",
				);
				GCC_WARN_64_TO_32_BIT_CONVERSION = YES;
				GCC_WARN_ABOUT_RETURN_TYPE = YES_ERROR;
				GCC_WARN_UNDECLARED_SELECTOR = YES;
				GCC_WARN_UNINITIALIZED_AUTOS = YES_AGGRESSIVE;
				GCC_WARN_UNUSED_FUNCTION = YES;
				GCC_WARN_UNUSED_VARIABLE = YES;
				IPHONEOS_DEPLOYMENT_TARGET = 15.0;
				MTL_ENABLE_DEBUG_INFO = INCLUDE_SOURCE;
				MTL_FAST_MATH = YES;
				ONLY_ACTIVE_ARCH = YES;
				SDKROOT = iphoneos;
				SWIFT_ACTIVE_COMPILATION_CONDITIONS = DEBUG;
				SWIFT_OPTIMIZATION_LEVEL = "-Onone";
			};
			name = Debug;
		};
		3AF15B0927C286670042401F /* Release */ = {
			isa = XCBuildConfiguration;
			buildSettings = {
				ALWAYS_SEARCH_USER_PATHS = NO;
				CLANG_ANALYZER_NONNULL = YES;
				CLANG_ANALYZER_NUMBER_OBJECT_CONVERSION = YES_AGGRESSIVE;
				CLANG_CXX_LANGUAGE_STANDARD = "gnu++17";
				CLANG_CXX_LIBRARY = "libc++";
				CLANG_ENABLE_MODULES = YES;
				CLANG_ENABLE_OBJC_ARC = YES;
				CLANG_ENABLE_OBJC_WEAK = YES;
				CLANG_WARN_BLOCK_CAPTURE_AUTORELEASING = YES;
				CLANG_WARN_BOOL_CONVERSION = YES;
				CLANG_WARN_COMMA = YES;
				CLANG_WARN_CONSTANT_CONVERSION = YES;
				CLANG_WARN_DEPRECATED_OBJC_IMPLEMENTATIONS = YES;
				CLANG_WARN_DIRECT_OBJC_ISA_USAGE = YES_ERROR;
				CLANG_WARN_DOCUMENTATION_COMMENTS = YES;
				CLANG_WARN_EMPTY_BODY = YES;
				CLANG_WARN_ENUM_CONVERSION = YES;
				CLANG_WARN_INFINITE_RECURSION = YES;
				CLANG_WARN_INT_CONVERSION = YES;
				CLANG_WARN_NON_LITERAL_NULL_CONVERSION = YES;
				CLANG_WARN_OBJC_IMPLICIT_RETAIN_SELF = YES;
				CLANG_WARN_OBJC_LITERAL_CONVERSION = YES;
				CLANG_WARN_OBJC_ROOT_CLASS = YES_ERROR;
				CLANG_WARN_QUOTED_INCLUDE_IN_FRAMEWORK_HEADER = YES;
				CLANG_WARN_RANGE_LOOP_ANALYSIS = YES;
				CLANG_WARN_STRICT_PROTOTYPES = YES;
				CLANG_WARN_SUSPICIOUS_MOVE = YES;
				CLANG_WARN_UNGUARDED_AVAILABILITY = YES_AGGRESSIVE;
				CLANG_WARN_UNREACHABLE_CODE = YES;
				CLANG_WARN__DUPLICATE_METHOD_MATCH = YES;
				COPY_PHASE_STRIP = NO;
				DEBUG_INFORMATION_FORMAT = "dwarf-with-dsym";
				ENABLE_NS_ASSERTIONS = NO;
				ENABLE_STRICT_OBJC_MSGSEND = YES;
				GCC_C_LANGUAGE_STANDARD = gnu11;
				GCC_NO_COMMON_BLOCKS = YES;
				GCC_WARN_64_TO_32_BIT_CONVERSION = YES;
				GCC_WARN_ABOUT_RETURN_TYPE = YES_ERROR;
				GCC_WARN_UNDECLARED_SELECTOR = YES;
				GCC_WARN_UNINITIALIZED_AUTOS = YES_AGGRESSIVE;
				GCC_WARN_UNUSED_FUNCTION = YES;
				GCC_WARN_UNUSED_VARIABLE = YES;
				IPHONEOS_DEPLOYMENT_TARGET = 15.0;
				MTL_ENABLE_DEBUG_INFO = NO;
				MTL_FAST_MATH = YES;
				SDKROOT = iphoneos;
				SWIFT_COMPILATION_MODE = wholemodule;
				SWIFT_OPTIMIZATION_LEVEL = "-O";
				VALIDATE_PRODUCT = YES;
			};
			name = Release;
		};
		3AF15B0B27C286670042401F /* Debug */ = {
			isa = XCBuildConfiguration;
			buildSettings = {
				ASSETCATALOG_COMPILER_APPICON_NAME = AppIcon;
				ASSETCATALOG_COMPILER_GLOBAL_ACCENT_COLOR_NAME = AccentColor;
				CODE_SIGN_STYLE = Automatic;
				CURRENT_PROJECT_VERSION = 1;
				DEVELOPMENT_TEAM = 2Q6N42G82W;
				GENERATE_INFOPLIST_FILE = YES;
				INFOPLIST_FILE = WEvent/Info.plist;
				INFOPLIST_KEY_NSLocationWhenInUseUsageDescription = "WEvent needs your location to provide accurate event data in your area.";
				INFOPLIST_KEY_UIApplicationSupportsIndirectInputEvents = YES;
				INFOPLIST_KEY_UILaunchStoryboardName = LaunchScreen;
				INFOPLIST_KEY_UIMainStoryboardFile = Main;
				INFOPLIST_KEY_UISupportedInterfaceOrientations_iPad = "UIInterfaceOrientationPortrait UIInterfaceOrientationPortraitUpsideDown UIInterfaceOrientationLandscapeLeft UIInterfaceOrientationLandscapeRight";
				INFOPLIST_KEY_UISupportedInterfaceOrientations_iPhone = UIInterfaceOrientationPortrait;
				LD_RUNPATH_SEARCH_PATHS = (
					"$(inherited)",
					"@executable_path/Frameworks",
				);
				MARKETING_VERSION = 1.0;
				PRODUCT_BUNDLE_IDENTIFIER = companyname.WEvent;
				PRODUCT_NAME = "$(TARGET_NAME)";
				SWIFT_EMIT_LOC_STRINGS = YES;
				SWIFT_VERSION = 5.0;
				TARGETED_DEVICE_FAMILY = "1,2";
			};
			name = Debug;
		};
		3AF15B0C27C286670042401F /* Release */ = {
			isa = XCBuildConfiguration;
			buildSettings = {
				ASSETCATALOG_COMPILER_APPICON_NAME = AppIcon;
				ASSETCATALOG_COMPILER_GLOBAL_ACCENT_COLOR_NAME = AccentColor;
				CODE_SIGN_STYLE = Automatic;
				CURRENT_PROJECT_VERSION = 1;
				DEVELOPMENT_TEAM = 2Q6N42G82W;
				GENERATE_INFOPLIST_FILE = YES;
				INFOPLIST_FILE = WEvent/Info.plist;
				INFOPLIST_KEY_NSLocationWhenInUseUsageDescription = "WEvent needs your location to provide accurate event data in your area.";
				INFOPLIST_KEY_UIApplicationSupportsIndirectInputEvents = YES;
				INFOPLIST_KEY_UILaunchStoryboardName = LaunchScreen;
				INFOPLIST_KEY_UIMainStoryboardFile = Main;
				INFOPLIST_KEY_UISupportedInterfaceOrientations_iPad = "UIInterfaceOrientationPortrait UIInterfaceOrientationPortraitUpsideDown UIInterfaceOrientationLandscapeLeft UIInterfaceOrientationLandscapeRight";
				INFOPLIST_KEY_UISupportedInterfaceOrientations_iPhone = UIInterfaceOrientationPortrait;
				LD_RUNPATH_SEARCH_PATHS = (
					"$(inherited)",
					"@executable_path/Frameworks",
				);
				MARKETING_VERSION = 1.0;
				PRODUCT_BUNDLE_IDENTIFIER = companyname.WEvent;
				PRODUCT_NAME = "$(TARGET_NAME)";
				SWIFT_EMIT_LOC_STRINGS = YES;
				SWIFT_VERSION = 5.0;
				TARGETED_DEVICE_FAMILY = "1,2";
			};
			name = Release;
		};
/* End XCBuildConfiguration section */

/* Begin XCConfigurationList section */
		3AF15AEE27C286650042401F /* Build configuration list for PBXProject "WEvent" */ = {
			isa = XCConfigurationList;
			buildConfigurations = (
				3AF15B0827C286670042401F /* Debug */,
				3AF15B0927C286670042401F /* Release */,
			);
			defaultConfigurationIsVisible = 0;
			defaultConfigurationName = Release;
		};
		3AF15B0A27C286670042401F /* Build configuration list for PBXNativeTarget "WEvent" */ = {
			isa = XCConfigurationList;
			buildConfigurations = (
				3AF15B0B27C286670042401F /* Debug */,
				3AF15B0C27C286670042401F /* Release */,
			);
			defaultConfigurationIsVisible = 0;
			defaultConfigurationName = Release;
		};
/* End XCConfigurationList section */

/* Begin XCRemoteSwiftPackageReference section */
		3A9C2A7E27CC51E70015EAC2 /* XCRemoteSwiftPackageReference "firebase-ios-sdk" */ = {
			isa = XCRemoteSwiftPackageReference;
			repositoryURL = "https://github.com/firebase/firebase-ios-sdk";
			requirement = {
				kind = upToNextMajorVersion;
				minimumVersion = 8.10.0;
			};
		};
/* End XCRemoteSwiftPackageReference section */

/* Begin XCSwiftPackageProductDependency section */
		3A9C2A7F27CC51E70015EAC2 /* FirebaseAuth */ = {
			isa = XCSwiftPackageProductDependency;
			package = 3A9C2A7E27CC51E70015EAC2 /* XCRemoteSwiftPackageReference "firebase-ios-sdk" */;
			productName = FirebaseAuth;
		};
		3A9C2A8127CC51E70015EAC2 /* FirebaseAuthCombine-Community */ = {
			isa = XCSwiftPackageProductDependency;
			package = 3A9C2A7E27CC51E70015EAC2 /* XCRemoteSwiftPackageReference "firebase-ios-sdk" */;
			productName = "FirebaseAuthCombine-Community";
		};
		3A9C2A8327CC51E70015EAC2 /* FirebaseFirestore */ = {
			isa = XCSwiftPackageProductDependency;
			package = 3A9C2A7E27CC51E70015EAC2 /* XCRemoteSwiftPackageReference "firebase-ios-sdk" */;
			productName = FirebaseFirestore;
		};
		3A9C2A8527CC51E70015EAC2 /* FirebaseFirestoreCombine-Community */ = {
			isa = XCSwiftPackageProductDependency;
			package = 3A9C2A7E27CC51E70015EAC2 /* XCRemoteSwiftPackageReference "firebase-ios-sdk" */;
			productName = "FirebaseFirestoreCombine-Community";
		};
		3A9C2A8727CC51E70015EAC2 /* FirebaseFirestoreSwift-Beta */ = {
			isa = XCSwiftPackageProductDependency;
			package = 3A9C2A7E27CC51E70015EAC2 /* XCRemoteSwiftPackageReference "firebase-ios-sdk" */;
			productName = "FirebaseFirestoreSwift-Beta";
		};
		3A9C2A8927CC51E70015EAC2 /* FirebaseStorage */ = {
			isa = XCSwiftPackageProductDependency;
			package = 3A9C2A7E27CC51E70015EAC2 /* XCRemoteSwiftPackageReference "firebase-ios-sdk" */;
			productName = FirebaseStorage;
		};
		3A9C2A8B27CC51E70015EAC2 /* FirebaseStorageCombine-Community */ = {
			isa = XCSwiftPackageProductDependency;
			package = 3A9C2A7E27CC51E70015EAC2 /* XCRemoteSwiftPackageReference "firebase-ios-sdk" */;
			productName = "FirebaseStorageCombine-Community";
		};
		3A9C2A8D27CC51E70015EAC2 /* FirebaseStorageSwift-Beta */ = {
			isa = XCSwiftPackageProductDependency;
			package = 3A9C2A7E27CC51E70015EAC2 /* XCRemoteSwiftPackageReference "firebase-ios-sdk" */;
			productName = "FirebaseStorageSwift-Beta";
		};
/* End XCSwiftPackageProductDependency section */

/* Begin XCVersionGroup section */
		3AF15AFF27C286650042401F /* WEvent.xcdatamodeld */ = {
			isa = XCVersionGroup;
			children = (
				3AF15B0027C286650042401F /* WEvent.xcdatamodel */,
			);
			currentVersion = 3AF15B0027C286650042401F /* WEvent.xcdatamodel */;
			path = WEvent.xcdatamodeld;
			sourceTree = "<group>";
			versionGroupType = wrapper.xcdatamodel;
		};
/* End XCVersionGroup section */
	};
	rootObject = 3AF15AEB27C286650042401F /* Project object */;
}
